
Microsoft Visual Studio Solution File, Format Version 12.00
# Visual Studio Version 17
VisualStudioVersion = 17.0.31903.59
MinimumVisualStudioVersion = 10.0.40219.1
Project("{2150E333-8FDC-42A3-9474-1A3956D46DE8}") = "src", "src", "{827E0CD3-B72D-47B6-A68D-7590B98EB39B}"
EndProject
Project("{FAE04EC0-301F-11D3-BF4B-00C04F79EFBC}") = "HRManagement.Domain", "src\HRManagement.Domain\HRManagement.Domain.csproj", "{D82B5434-C952-4788-A077-8FB3B6E73B3F}"
EndProject
Project("{FAE04EC0-301F-11D3-BF4B-00C04F79EFBC}") = "HRManagement.Application", "src\HRManagement.Application\HRManagement.Application.csproj", "{380DB565-14A4-4E6E-B8D6-F1CBFDBAD88E}"
EndProject
Project("{FAE04EC0-301F-11D3-BF4B-00C04F79EFBC}") = "HRManagement.Infrastructure", "src\HRManagement.Infrastructure\HRManagement.Infrastructure.csproj", "{C3C2A24A-3D8C-4981-8F04-6F6B0DC32485}"
EndProject
Project("{FAE04EC0-301F-11D3-BF4B-00C04F79EFBC}") = "HRManagement.WinForms", "src\HRManagement.WinForms\HRManagement.WinForms.csproj", "{02A454FB-EBCB-43E6-A2C0-BBFE4BB9861E}"
EndProject
Project("{2150E333-8FDC-42A3-9474-1A3956D46DE8}") = "tests", "tests", "{0AB3BF05-4346-4AA6-1389-037BE0695223}"
EndProject
Project("{FAE04EC0-301F-11D3-BF4B-00C04F79EFBC}") = "HRManagement.Domain.Tests", "tests\HRManagement.Domain.Tests\HRManagement.Domain.Tests.csproj", "{D8053F78-D4A9-4C20-9DFF-CA6C830577BC}"
EndProject
Project("{FAE04EC0-301F-11D3-BF4B-00C04F79EFBC}") = "HRManagement.Application.Tests", "tests\HRManagement.Application.Tests\HRManagement.Application.Tests.csproj", "{F6986470-D97F-4238-901E-CF9FBDF2B790}"
EndProject
Project("{FAE04EC0-301F-11D3-BF4B-00C04F79EFBC}") = "HRManagement.Infrastructure.Tests", "tests\HRManagement.Infrastructure.Tests\HRManagement.Infrastructure.Tests.csproj", "{34A73D67-ACA7-4F9C-B333-BCEE4492E036}"
EndProject
Global
	GlobalSection(SolutionConfigurationPlatforms) = preSolution
		Debug|Any CPU = Debug|Any CPU
		Debug|x64 = Debug|x64
		Debug|x86 = Debug|x86
		Release|Any CPU = Release|Any CPU
		Release|x64 = Release|x64
		Release|x86 = Release|x86
	EndGlobalSection
	GlobalSection(ProjectConfigurationPlatforms) = postSolution
		{D82B5434-C952-4788-A077-8FB3B6E73B3F}.Debug|Any CPU.ActiveCfg = Debug|Any CPU
		{D82B5434-C952-4788-A077-8FB3B6E73B3F}.Debug|Any CPU.Build.0 = Debug|Any CPU
		{D82B5434-C952-4788-A077-8FB3B6E73B3F}.Debug|x64.ActiveCfg = Debug|Any CPU
		{D82B5434-C952-4788-A077-8FB3B6E73B3F}.Debug|x64.Build.0 = Debug|Any CPU
		{D82B5434-C952-4788-A077-8FB3B6E73B3F}.Debug|x86.ActiveCfg = Debug|Any CPU
		{D82B5434-C952-4788-A077-8FB3B6E73B3F}.Debug|x86.Build.0 = Debug|Any CPU
		{D82B5434-C952-4788-A077-8FB3B6E73B3F}.Release|Any CPU.ActiveCfg = Release|Any CPU
		{D82B5434-C952-4788-A077-8FB3B6E73B3F}.Release|Any CPU.Build.0 = Release|Any CPU
		{D82B5434-C952-4788-A077-8FB3B6E73B3F}.Release|x64.ActiveCfg = Release|Any CPU
		{D82B5434-C952-4788-A077-8FB3B6E73B3F}.Release|x64.Build.0 = Release|Any CPU
		{D82B5434-C952-4788-A077-8FB3B6E73B3F}.Release|x86.ActiveCfg = Release|Any CPU
		{D82B5434-C952-4788-A077-8FB3B6E73B3F}.Release|x86.Build.0 = Release|Any CPU
		{380DB565-14A4-4E6E-B8D6-F1CBFDBAD88E}.Debug|Any CPU.ActiveCfg = Debug|Any CPU
		{380DB565-14A4-4E6E-B8D6-F1CBFDBAD88E}.Debug|Any CPU.Build.0 = Debug|Any CPU
		{380DB565-14A4-4E6E-B8D6-F1CBFDBAD88E}.Debug|x64.ActiveCfg = Debug|Any CPU
		{380DB565-14A4-4E6E-B8D6-F1CBFDBAD88E}.Debug|x64.Build.0 = Debug|Any CPU
		{380DB565-14A4-4E6E-B8D6-F1CBFDBAD88E}.Debug|x86.ActiveCfg = Debug|Any CPU
		{380DB565-14A4-4E6E-B8D6-F1CBFDBAD88E}.Debug|x86.Build.0 = Debug|Any CPU
		{380DB565-14A4-4E6E-B8D6-F1CBFDBAD88E}.Release|Any CPU.ActiveCfg = Release|Any CPU
		{380DB565-14A4-4E6E-B8D6-F1CBFDBAD88E}.Release|Any CPU.Build.0 = Release|Any CPU
		{380DB565-14A4-4E6E-B8D6-F1CBFDBAD88E}.Release|x64.ActiveCfg = Release|Any CPU
		{380DB565-14A4-4E6E-B8D6-F1CBFDBAD88E}.Release|x64.Build.0 = Release|Any CPU
		{380DB565-14A4-4E6E-B8D6-F1CBFDBAD88E}.Release|x86.ActiveCfg = Release|Any CPU
		{380DB565-14A4-4E6E-B8D6-F1CBFDBAD88E}.Release|x86.Build.0 = Release|Any CPU
		{C3C2A24A-3D8C-4981-8F04-6F6B0DC32485}.Debug|Any CPU.ActiveCfg = Debug|Any CPU
		{C3C2A24A-3D8C-4981-8F04-6F6B0DC32485}.Debug|Any CPU.Build.0 = Debug|Any CPU
		{C3C2A24A-3D8C-4981-8F04-6F6B0DC32485}.Debug|x64.ActiveCfg = Debug|Any CPU
		{C3C2A24A-3D8C-4981-8F04-6F6B0DC32485}.Debug|x64.Build.0 = Debug|Any CPU
		{C3C2A24A-3D8C-4981-8F04-6F6B0DC32485}.Debug|x86.ActiveCfg = Debug|Any CPU
		{C3C2A24A-3D8C-4981-8F04-6F6B0DC32485}.Debug|x86.Build.0 = Debug|Any CPU
		{C3C2A24A-3D8C-4981-8F04-6F6B0DC32485}.Release|Any CPU.ActiveCfg = Release|Any CPU
		{C3C2A24A-3D8C-4981-8F04-6F6B0DC32485}.Release|Any CPU.Build.0 = Release|Any CPU
		{C3C2A24A-3D8C-4981-8F04-6F6B0DC32485}.Release|x64.ActiveCfg = Release|Any CPU
		{C3C2A24A-3D8C-4981-8F04-6F6B0DC32485}.Release|x64.Build.0 = Release|Any CPU
		{C3C2A24A-3D8C-4981-8F04-6F6B0DC32485}.Release|x86.ActiveCfg = Release|Any CPU
		{C3C2A24A-3D8C-4981-8F04-6F6B0DC32485}.Release|x86.Build.0 = Release|Any CPU
		{02A454FB-EBCB-43E6-A2C0-BBFE4BB9861E}.Debug|Any CPU.ActiveCfg = Debug|Any CPU
		{02A454FB-EBCB-43E6-A2C0-BBFE4BB9861E}.Debug|Any CPU.Build.0 = Debug|Any CPU
		{02A454FB-EBCB-43E6-A2C0-BBFE4BB9861E}.Debug|x64.ActiveCfg = Debug|Any CPU
		{02A454FB-EBCB-43E6-A2C0-BBFE4BB9861E}.Debug|x64.Build.0 = Debug|Any CPU
		{02A454FB-EBCB-43E6-A2C0-BBFE4BB9861E}.Debug|x86.ActiveCfg = Debug|Any CPU
		{02A454FB-EBCB-43E6-A2C0-BBFE4BB9861E}.Debug|x86.Build.0 = Debug|Any CPU
		{02A454FB-EBCB-43E6-A2C0-BBFE4BB9861E}.Release|Any CPU.ActiveCfg = Release|Any CPU
		{02A454FB-EBCB-43E6-A2C0-BBFE4BB9861E}.Release|Any CPU.Build.0 = Release|Any CPU
		{02A454FB-EBCB-43E6-A2C0-BBFE4BB9861E}.Release|x64.ActiveCfg = Release|Any CPU
		{02A454FB-EBCB-43E6-A2C0-BBFE4BB9861E}.Release|x64.Build.0 = Release|Any CPU
		{02A454FB-EBCB-43E6-A2C0-BBFE4BB9861E}.Release|x86.ActiveCfg = Release|Any CPU
		{02A454FB-EBCB-43E6-A2C0-BBFE4BB9861E}.Release|x86.Build.0 = Release|Any CPU
		{D8053F78-D4A9-4C20-9DFF-CA6C830577BC}.Debug|Any CPU.ActiveCfg = Debug|Any CPU
		{D8053F78-D4A9-4C20-9DFF-CA6C830577BC}.Debug|Any CPU.Build.0 = Debug|Any CPU
		{D8053F78-D4A9-4C20-9DFF-CA6C830577BC}.Debug|x64.ActiveCfg = Debug|Any CPU
		{D8053F78-D4A9-4C20-9DFF-CA6C830577BC}.Debug|x64.Build.0 = Debug|Any CPU
		{D8053F78-D4A9-4C20-9DFF-CA6C830577BC}.Debug|x86.ActiveCfg = Debug|Any CPU
		{D8053F78-D4A9-4C20-9DFF-CA6C830577BC}.Debug|x86.Build.0 = Debug|Any CPU
		{D8053F78-D4A9-4C20-9DFF-CA6C830577BC}.Release|Any CPU.ActiveCfg = Release|Any CPU
		{D8053F78-D4A9-4C20-9DFF-CA6C830577BC}.Release|Any CPU.Build.0 = Release|Any CPU
		{D8053F78-D4A9-4C20-9DFF-CA6C830577BC}.Release|x64.ActiveCfg = Release|Any CPU
		{D8053F78-D4A9-4C20-9DFF-CA6C830577BC}.Release|x64.Build.0 = Release|Any CPU
		{D8053F78-D4A9-4C20-9DFF-CA6C830577BC}.Release|x86.ActiveCfg = Release|Any CPU
		{D8053F78-D4A9-4C20-9DFF-CA6C830577BC}.Release|x86.Build.0 = Release|Any CPU
		{F6986470-D97F-4238-901E-CF9FBDF2B790}.Debug|Any CPU.ActiveCfg = Debug|Any CPU
		{F6986470-D97F-4238-901E-CF9FBDF2B790}.Debug|Any CPU.Build.0 = Debug|Any CPU
		{F6986470-D97F-4238-901E-CF9FBDF2B790}.Debug|x64.ActiveCfg = Debug|Any CPU
		{F6986470-D97F-4238-901E-CF9FBDF2B790}.Debug|x64.Build.0 = Debug|Any CPU
		{F6986470-D97F-4238-901E-CF9FBDF2B790}.Debug|x86.ActiveCfg = Debug|Any CPU
		{F6986470-D97F-4238-901E-CF9FBDF2B790}.Debug|x86.Build.0 = Debug|Any CPU
		{F6986470-D97F-4238-901E-CF9FBDF2B790}.Release|Any CPU.ActiveCfg = Release|Any CPU
		{F6986470-D97F-4238-901E-CF9FBDF2B790}.Release|Any CPU.Build.0 = Release|Any CPU
		{F6986470-D97F-4238-901E-CF9FBDF2B790}.Release|x64.ActiveCfg = Release|Any CPU
		{F6986470-D97F-4238-901E-CF9FBDF2B790}.Release|x64.Build.0 = Release|Any CPU
		{F6986470-D97F-4238-901E-CF9FBDF2B790}.Release|x86.ActiveCfg = Release|Any CPU
		{F6986470-D97F-4238-901E-CF9FBDF2B790}.Release|x86.Build.0 = Release|Any CPU
		{34A73D67-ACA7-4F9C-B333-BCEE4492E036}.Debug|Any CPU.ActiveCfg = Debug|Any CPU
		{34A73D67-ACA7-4F9C-B333-BCEE4492E036}.Debug|Any CPU.Build.0 = Debug|Any CPU
		{34A73D67-ACA7-4F9C-B333-BCEE4492E036}.Debug|x64.ActiveCfg = Debug|Any CPU
		{34A73D67-ACA7-4F9C-B333-BCEE4492E036}.Debug|x64.Build.0 = Debug|Any CPU
		{34A73D67-ACA7-4F9C-B333-BCEE4492E036}.Debug|x86.ActiveCfg = Debug|Any CPU
		{34A73D67-ACA7-4F9C-B333-BCEE4492E036}.Debug|x86.Build.0 = Debug|Any CPU
		{34A73D67-ACA7-4F9C-B333-BCEE4492E036}.Release|Any CPU.ActiveCfg = Release|Any CPU
		{34A73D67-ACA7-4F9C-B333-BCEE4492E036}.Release|Any CPU.Build.0 = Release|Any CPU
		{34A73D67-ACA7-4F9C-B333-BCEE4492E036}.Release|x64.ActiveCfg = Release|Any CPU
		{34A73D67-ACA7-4F9C-B333-BCEE4492E036}.Release|x64.Build.0 = Release|Any CPU
		{34A73D67-ACA7-4F9C-B333-BCEE4492E036}.Release|x86.ActiveCfg = Release|Any CPU
		{34A73D67-ACA7-4F9C-B333-BCEE4492E036}.Release|x86.Build.0 = Release|Any CPU
	EndGlobalSection
	GlobalSection(SolutionProperties) = preSolution
		HideSolutionNode = FALSE
	EndGlobalSection
	GlobalSection(NestedProjects) = preSolution
		{D82B5434-C952-4788-A077-8FB3B6E73B3F} = {827E0CD3-B72D-47B6-A68D-7590B98EB39B}
		{380DB565-14A4-4E6E-B8D6-F1CBFDBAD88E} = {827E0CD3-B72D-47B6-A68D-7590B98EB39B}
		{C3C2A24A-3D8C-4981-8F04-6F6B0DC32485} = {827E0CD3-B72D-47B6-A68D-7590B98EB39B}
		{02A454FB-EBCB-43E6-A2C0-BBFE4BB9861E} = {827E0CD3-B72D-47B6-A68D-7590B98EB39B}
		{D8053F78-D4A9-4C20-9DFF-CA6C830577BC} = {0AB3BF05-4346-4AA6-1389-037BE0695223}
		{F6986470-D97F-4238-901E-CF9FBDF2B790} = {0AB3BF05-4346-4AA6-1389-037BE0695223}
		{34A73D67-ACA7-4F9C-B333-BCEE4492E036} = {0AB3BF05-4346-4AA6-1389-037BE0695223}
	EndGlobalSection
EndGlobal
